
Microsoft Visual Studio Solution File, Format Version 11.00
# Visual Studio 2010
Project("{B373B46A-B089-44D7-96CA-CD150D098BC8}") = "iron-websites", "..\iron-websites.rbproj", "{1B4FD6C0-6D48-445D-83CA-3CC2C6D0F3B6}"
EndProject
Global
	GlobalSection(SolutionConfigurationPlatforms) = preSolution
		Debug|Any CPU = Debug|Any CPU
		Release|Any CPU = Release|Any CPU
	EndGlobalSection
	GlobalSection(ProjectConfigurationPlatforms) = postSolution
		{1B4FD6C0-6D48-445D-83CA-3CC2C6D0F3B6}.Debug|Any CPU.ActiveCfg = Debug|Any CPU
		{1B4FD6C0-6D48-445D-83CA-3CC2C6D0F3B6}.Debug|Any CPU.Build.0 = Debug|Any CPU
		{1B4FD6C0-6D48-445D-83CA-3CC2C6D0F3B6}.Release|Any CPU.ActiveCfg = Release|Any CPU
		{1B4FD6C0-6D48-445D-83CA-3CC2C6D0F3B6}.Release|Any CPU.Build.0 = Release|Any CPU
	EndGlobalSection
	GlobalSection(SolutionProperties) = preSolution
		HideSolutionNode = FALSE
	EndGlobalSection
EndGlobal
